
Microsoft Visual Studio Solution File, Format Version 12.00
# Visual Studio Version 16
VisualStudioVersion = 16.0.31702.278
MinimumVisualStudioVersion = 10.0.40219.1
Project("{9A19103F-16F7-4668-BE54-9A1E7A4F7556}") = "Excel.App", "Excel\Excel.App.csproj", "{3F005585-A5EE-480B-BB0A-E66D12F5BCB8}"
EndProject
Project("{9A19103F-16F7-4668-BE54-9A1E7A4F7556}") = "Excel", "Excel.Domain\Excel.csproj", "{490ABCB0-28FC-488A-A18F-12836D793C7A}"
EndProject
Project("{9A19103F-16F7-4668-BE54-9A1E7A4F7556}") = "Excel.Tests", "ExcelTests\Excel.Tests.csproj", "{A04D599C-AE9D-4C26-AEB4-CCD89B6B8821}"
EndProject
Project("{FAE04EC0-301F-11D3-BF4B-00C04F79EFBC}") = "Server", "..\..\2.0 Server\Client-Server\Server\Server.csproj", "{26CABEFF-2435-469E-BD70-42CAD4A49056}"
EndProject
Project("{FAE04EC0-301F-11D3-BF4B-00C04F79EFBC}") = "Server.Tests", "..\..\2.0 Server\Client-Server\Server.Tests\Server.Tests.csproj", "{D01C72A9-5251-468D-A755-A7901E5D6310}"
EndProject
Global
	GlobalSection(SolutionConfigurationPlatforms) = preSolution
		Debug|Any CPU = Debug|Any CPU
		Release|Any CPU = Release|Any CPU
	EndGlobalSection
	GlobalSection(ProjectConfigurationPlatforms) = postSolution
		{3F005585-A5EE-480B-BB0A-E66D12F5BCB8}.Debug|Any CPU.ActiveCfg = Debug|Any CPU
		{3F005585-A5EE-480B-BB0A-E66D12F5BCB8}.Debug|Any CPU.Build.0 = Debug|Any CPU
		{3F005585-A5EE-480B-BB0A-E66D12F5BCB8}.Release|Any CPU.ActiveCfg = Release|Any CPU
		{3F005585-A5EE-480B-BB0A-E66D12F5BCB8}.Release|Any CPU.Build.0 = Release|Any CPU
		{490ABCB0-28FC-488A-A18F-12836D793C7A}.Debug|Any CPU.ActiveCfg = Debug|Any CPU
		{490ABCB0-28FC-488A-A18F-12836D793C7A}.Debug|Any CPU.Build.0 = Debug|Any CPU
		{490ABCB0-28FC-488A-A18F-12836D793C7A}.Release|Any CPU.ActiveCfg = Release|Any CPU
		{490ABCB0-28FC-488A-A18F-12836D793C7A}.Release|Any CPU.Build.0 = Release|Any CPU
		{A04D599C-AE9D-4C26-AEB4-CCD89B6B8821}.Debug|Any CPU.ActiveCfg = Debug|Any CPU
		{A04D599C-AE9D-4C26-AEB4-CCD89B6B8821}.Debug|Any CPU.Build.0 = Debug|Any CPU
		{A04D599C-AE9D-4C26-AEB4-CCD89B6B8821}.Release|Any CPU.ActiveCfg = Release|Any CPU
		{A04D599C-AE9D-4C26-AEB4-CCD89B6B8821}.Release|Any CPU.Build.0 = Release|Any CPU
		{26CABEFF-2435-469E-BD70-42CAD4A49056}.Debug|Any CPU.ActiveCfg = Debug|Any CPU
		{26CABEFF-2435-469E-BD70-42CAD4A49056}.Debug|Any CPU.Build.0 = Debug|Any CPU
		{26CABEFF-2435-469E-BD70-42CAD4A49056}.Release|Any CPU.ActiveCfg = Release|Any CPU
		{26CABEFF-2435-469E-BD70-42CAD4A49056}.Release|Any CPU.Build.0 = Release|Any CPU
		{D01C72A9-5251-468D-A755-A7901E5D6310}.Debug|Any CPU.ActiveCfg = Debug|Any CPU
		{D01C72A9-5251-468D-A755-A7901E5D6310}.Debug|Any CPU.Build.0 = Debug|Any CPU
		{D01C72A9-5251-468D-A755-A7901E5D6310}.Release|Any CPU.ActiveCfg = Release|Any CPU
		{D01C72A9-5251-468D-A755-A7901E5D6310}.Release|Any CPU.Build.0 = Release|Any CPU
	EndGlobalSection
	GlobalSection(SolutionProperties) = preSolution
		HideSolutionNode = FALSE
	EndGlobalSection
	GlobalSection(ExtensibilityGlobals) = postSolution
		SolutionGuid = {EBAC418D-906D-412A-A2B7-A8D4BE5744FA}
	EndGlobalSection
EndGlobal
