
Microsoft Visual Studio Solution File, Format Version 12.00
# Visual Studio Version 16
VisualStudioVersion = 16.0.31702.278
MinimumVisualStudioVersion = 10.0.40219.1
Project("{FAE04EC0-301F-11D3-BF4B-00C04F79EFBC}") = "Excel.App", "Excel\Excel.App.csproj", "{3F005585-A5EE-480B-BB0A-E66D12F5BCB8}"
EndProject
Project("{FAE04EC0-301F-11D3-BF4B-00C04F79EFBC}") = "Excel", "Excel.Domain\Excel.csproj", "{490ABCB0-28FC-488A-A18F-12836D793C7A}"
EndProject
Project("{FAE04EC0-301F-11D3-BF4B-00C04F79EFBC}") = "Excel.Tests", "Excel.Tests\Excel.Tests.csproj", "{2F4C8A7E-2E79-4985-AC3D-04C8706BE4CA}"
EndProject
Global
	GlobalSection(SolutionConfigurationPlatforms) = preSolution
		Debug|Any CPU = Debug|Any CPU
		Release|Any CPU = Release|Any CPU
	EndGlobalSection
	GlobalSection(ProjectConfigurationPlatforms) = postSolution
		{3F005585-A5EE-480B-BB0A-E66D12F5BCB8}.Debug|Any CPU.ActiveCfg = Debug|Any CPU
		{3F005585-A5EE-480B-BB0A-E66D12F5BCB8}.Debug|Any CPU.Build.0 = Debug|Any CPU
		{3F005585-A5EE-480B-BB0A-E66D12F5BCB8}.Release|Any CPU.ActiveCfg = Release|Any CPU
		{3F005585-A5EE-480B-BB0A-E66D12F5BCB8}.Release|Any CPU.Build.0 = Release|Any CPU
		{490ABCB0-28FC-488A-A18F-12836D793C7A}.Debug|Any CPU.ActiveCfg = Debug|Any CPU
		{490ABCB0-28FC-488A-A18F-12836D793C7A}.Release|Any CPU.ActiveCfg = Release|Any CPU
		{490ABCB0-28FC-488A-A18F-12836D793C7A}.Release|Any CPU.Build.0 = Release|Any CPU
		{490ABCB0-28FC-488A-A18F-12836D793C7A}.Debug|Any CPU.Build.0 = Debug|Any CPU
		{2F4C8A7E-2E79-4985-AC3D-04C8706BE4CA}.Debug|Any CPU.ActiveCfg = Debug|Any CPU
		{2F4C8A7E-2E79-4985-AC3D-04C8706BE4CA}.Debug|Any CPU.Build.0 = Debug|Any CPU
		{2F4C8A7E-2E79-4985-AC3D-04C8706BE4CA}.Release|Any CPU.ActiveCfg = Release|Any CPU
		{2F4C8A7E-2E79-4985-AC3D-04C8706BE4CA}.Release|Any CPU.Build.0 = Release|Any CPU
	EndGlobalSection
	GlobalSection(SolutionProperties) = preSolution
		HideSolutionNode = FALSE
	EndGlobalSection
	GlobalSection(ExtensibilityGlobals) = postSolution
		SolutionGuid = {EBAC418D-906D-412A-A2B7-A8D4BE5744FA}
	EndGlobalSection
EndGlobal
